
Microsoft Visual Studio Solution File, Format Version 12.00
# Visual Studio Version 17
VisualStudioVersion = 17.14.36811.4 d17.14
MinimumVisualStudioVersion = 10.0.40219.1
Project("{FAE04EC0-301F-11D3-BF4B-00C04F79EFBC}") = "AdminLte", "AdminLte.csproj", "{F17CCD6F-8E57-4592-B656-A9248E90D05B}"
EndProject
Global
	GlobalSection(SolutionConfigurationPlatforms) = preSolution
		Debug|Any CPU = Debug|Any CPU
		Release|Any CPU = Release|Any CPU
	EndGlobalSection
	GlobalSection(ProjectConfigurationPlatforms) = postSolution
		{F17CCD6F-8E57-4592-B656-A9248E90D05B}.Debug|Any CPU.ActiveCfg = Debug|Any CPU
		{F17CCD6F-8E57-4592-B656-A9248E90D05B}.Debug|Any CPU.Build.0 = Debug|Any CPU
		{F17CCD6F-8E57-4592-B656-A9248E90D05B}.Release|Any CPU.ActiveCfg = Release|Any CPU
		{F17CCD6F-8E57-4592-B656-A9248E90D05B}.Release|Any CPU.Build.0 = Release|Any CPU
	EndGlobalSection
	GlobalSection(SolutionProperties) = preSolution
		HideSolutionNode = FALSE
	EndGlobalSection
	GlobalSection(ExtensibilityGlobals) = postSolution
		SolutionGuid = {F6D82205-8C15-4289-9D4E-5F41F148F350}
	EndGlobalSection
EndGlobal
